
Microsoft Visual Studio Solution File, Format Version 12.00
# Visual Studio Version 17
VisualStudioVersion = 17.5.33502.453
MinimumVisualStudioVersion = 10.0.40219.1
Project("{9A19103F-16F7-4668-BE54-9A1E7A4F7556}") = "Melgoza4Ever", "Melgoza4Ever\Melgoza4Ever.csproj", "{4627EC5C-755E-4773-AF92-6F65832BD75A}"
EndProject
Project("{9A19103F-16F7-4668-BE54-9A1E7A4F7556}") = "Logica", "Logica\Logica.csproj", "{D523E63B-CE04-4D17-9582-196FE88BA76C}"
EndProject
Project("{FAE04EC0-301F-11D3-BF4B-00C04F79EFBC}") = "Dominio", "Dominio\Dominio.csproj", "{7010F9DA-FF15-4EDC-88E2-A0DDEAEA49F6}"
EndProject
Global
	GlobalSection(SolutionConfigurationPlatforms) = preSolution
		Debug|Any CPU = Debug|Any CPU
		Release|Any CPU = Release|Any CPU
	EndGlobalSection
	GlobalSection(ProjectConfigurationPlatforms) = postSolution
		{4627EC5C-755E-4773-AF92-6F65832BD75A}.Debug|Any CPU.ActiveCfg = Debug|Any CPU
		{4627EC5C-755E-4773-AF92-6F65832BD75A}.Debug|Any CPU.Build.0 = Debug|Any CPU
		{4627EC5C-755E-4773-AF92-6F65832BD75A}.Release|Any CPU.ActiveCfg = Release|Any CPU
		{4627EC5C-755E-4773-AF92-6F65832BD75A}.Release|Any CPU.Build.0 = Release|Any CPU
		{D523E63B-CE04-4D17-9582-196FE88BA76C}.Debug|Any CPU.ActiveCfg = Debug|Any CPU
		{D523E63B-CE04-4D17-9582-196FE88BA76C}.Debug|Any CPU.Build.0 = Debug|Any CPU
		{D523E63B-CE04-4D17-9582-196FE88BA76C}.Release|Any CPU.ActiveCfg = Release|Any CPU
		{D523E63B-CE04-4D17-9582-196FE88BA76C}.Release|Any CPU.Build.0 = Release|Any CPU
		{7010F9DA-FF15-4EDC-88E2-A0DDEAEA49F6}.Debug|Any CPU.ActiveCfg = Debug|Any CPU
		{7010F9DA-FF15-4EDC-88E2-A0DDEAEA49F6}.Debug|Any CPU.Build.0 = Debug|Any CPU
		{7010F9DA-FF15-4EDC-88E2-A0DDEAEA49F6}.Release|Any CPU.ActiveCfg = Release|Any CPU
		{7010F9DA-FF15-4EDC-88E2-A0DDEAEA49F6}.Release|Any CPU.Build.0 = Release|Any CPU
	EndGlobalSection
	GlobalSection(SolutionProperties) = preSolution
		HideSolutionNode = FALSE
	EndGlobalSection
	GlobalSection(ExtensibilityGlobals) = postSolution
		SolutionGuid = {9BFB04F4-923F-48DF-9614-1E6F43348ABA}
	EndGlobalSection
EndGlobal
